
Microsoft Visual Studio Solution File, Format Version 12.00
# Visual Studio Version 17
VisualStudioVersion = 17.14.37111.16 d17.14
MinimumVisualStudioVersion = 10.0.40219.1
Project("{FAE04EC0-301F-11D3-BF4B-00C04F79EFBC}") = "EserciziFiles", "EserciziFiles\EserciziFiles.csproj", "{DB373258-87FE-4D2A-AB6E-0B7454D8FD50}"
EndProject
Global
	GlobalSection(SolutionConfigurationPlatforms) = preSolution
		Debug|Any CPU = Debug|Any CPU
		Release|Any CPU = Release|Any CPU
	EndGlobalSection
	GlobalSection(ProjectConfigurationPlatforms) = postSolution
		{DB373258-87FE-4D2A-AB6E-0B7454D8FD50}.Debug|Any CPU.ActiveCfg = Debug|Any CPU
		{DB373258-87FE-4D2A-AB6E-0B7454D8FD50}.Debug|Any CPU.Build.0 = Debug|Any CPU
		{DB373258-87FE-4D2A-AB6E-0B7454D8FD50}.Release|Any CPU.ActiveCfg = Release|Any CPU
		{DB373258-87FE-4D2A-AB6E-0B7454D8FD50}.Release|Any CPU.Build.0 = Release|Any CPU
	EndGlobalSection
	GlobalSection(SolutionProperties) = preSolution
		HideSolutionNode = FALSE
	EndGlobalSection
	GlobalSection(ExtensibilityGlobals) = postSolution
		SolutionGuid = {0DF83D16-2735-4097-AD1B-339CC117DC45}
	EndGlobalSection
EndGlobal
